{"cliVersion":"0.20.0","productModuleName":"Pragmatic_Clean_Architecture","sourceFilePaths":[{"path":"\/Users\/petrose\/Projects\/books\/ios\/3\/Pragmatic Clean Architecture\/Pragmatic Clean Architecture\/ContentView.swift","hash":"be2920274aca3970887db2151c58e13f493ec974"},{"path":"\/Users\/petrose\/Projects\/books\/ios\/3\/Pragmatic Clean Architecture\/Pragmatic Clean Architecture\/Home\/Application\/Data\/Local\/AuthorDataSourceLocal.swift","hash":"7e0dc87bc2e1f551096060fc41cec12b81ffc1e6"},{"path":"\/Users\/petrose\/Projects\/books\/ios\/3\/Pragmatic Clean Architecture\/Pragmatic Clean Architecture\/Home\/Application\/Data\/Remote\/ArticleDataSourceRemote.swift","hash":"0abb843c47878cca087112830130b9c2bb942b7f"},{"path":"\/Users\/petrose\/Projects\/books\/ios\/3\/Pragmatic Clean Architecture\/Pragmatic Clean Architecture\/Home\/Application\/Data\/Remote\/GetArticlesSourceRemote.swift","hash":"5fce0ef9627d18a14c9ab28b7f546b2913e7a3d0"},{"path":"\/Users\/petrose\/Projects\/books\/ios\/3\/Pragmatic Clean Architecture\/Pragmatic Clean Architecture\/Home\/Application\/Data\/Remote\/LikeArticleSourceRemote.swift","hash":"1b4d3f3a4e118ccd623ee36bda0f0f3f44a3f05f"},{"path":"\/Users\/petrose\/Projects\/books\/ios\/3\/Pragmatic Clean Architecture\/Pragmatic Clean Architecture\/Home\/Application\/Presentation\/Article.swift","hash":"e64ecd7098925b1d85e5862a088d13fb1fa940a9"},{"path":"\/Users\/petrose\/Projects\/books\/ios\/3\/Pragmatic Clean Architecture\/Pragmatic Clean Architecture\/Home\/Application\/Presentation\/HomeIntent.swift","hash":"b10472f82ca45c9e2c2cf17409fa6f99af2ddb86"},{"path":"\/Users\/petrose\/Projects\/books\/ios\/3\/Pragmatic Clean Architecture\/Pragmatic Clean Architecture\/Home\/Application\/Presentation\/HomeState.swift","hash":"b08f247aa338c0c2b49deecb43836667f1861f2c"},{"path":"\/Users\/petrose\/Projects\/books\/ios\/3\/Pragmatic Clean Architecture\/Pragmatic Clean Architecture\/Home\/Application\/Presentation\/HomeStateMapper.swift","hash":"590f66feb9bbee189b30b49ab915965de0fd1844"},{"path":"\/Users\/petrose\/Projects\/books\/ios\/3\/Pragmatic Clean Architecture\/Pragmatic Clean Architecture\/Home\/Application\/Presentation\/HomeViewModel.swift","hash":"4994ff6fdce21c4a0e6688fc8e2750529d42bbca"},{"path":"\/Users\/petrose\/Projects\/books\/ios\/3\/Pragmatic Clean Architecture\/Pragmatic Clean Architecture\/Home\/Application\/Presentation\/Plain\/ArticlePlain.swift","hash":"655eebb72bdec8dd8ce09f18565a5e54f28f8777"},{"path":"\/Users\/petrose\/Projects\/books\/ios\/3\/Pragmatic Clean Architecture\/Pragmatic Clean Architecture\/Home\/Application\/Presentation\/Plain\/ArticlesAuthors.swift","hash":"3cf7379dc7fbb1e2c3f8b237da96a2978508b314"},{"path":"\/Users\/petrose\/Projects\/books\/ios\/3\/Pragmatic Clean Architecture\/Pragmatic Clean Architecture\/Home\/Application\/Presentation\/Plain\/AuthorPlain.swift","hash":"519fbbce70f5cda87c895245602b6fe1625e2f06"},{"path":"\/Users\/petrose\/Projects\/books\/ios\/3\/Pragmatic Clean Architecture\/Pragmatic Clean Architecture\/Home\/Application\/Presentation\/UseCases\/GetArticles.swift","hash":"20c51c2d13c8e67436cd98ba7f1c673fcd2c90ac"},{"path":"\/Users\/petrose\/Projects\/books\/ios\/3\/Pragmatic Clean Architecture\/Pragmatic Clean Architecture\/Home\/Application\/Presentation\/UseCases\/GetArticlesSource.swift","hash":"8fccef23e6c884ad538da0aabf6c0fdde46c4562"},{"path":"\/Users\/petrose\/Projects\/books\/ios\/3\/Pragmatic Clean Architecture\/Pragmatic Clean Architecture\/Home\/Application\/Presentation\/UseCases\/LikeArticle.swift","hash":"c69f50ae0af76d35bb61a2aca8ce99fe26e41907"},{"path":"\/Users\/petrose\/Projects\/books\/ios\/3\/Pragmatic Clean Architecture\/Pragmatic Clean Architecture\/Home\/Application\/Presentation\/UseCases\/LikeArticleSource.swift","hash":"1ed1b8aa96acdb05467e94422d449f7d40c496da"},{"path":"\/Users\/petrose\/Projects\/books\/ios\/3\/Pragmatic Clean Architecture\/Pragmatic Clean Architecture\/Home\/Framework\/DI\/Resolver.swift","hash":"b6557c6908957b7379f207de835dcc18518f92ab"},{"path":"\/Users\/petrose\/Projects\/books\/ios\/3\/Pragmatic Clean Architecture\/Pragmatic Clean Architecture\/Home\/Framework\/Local\/AuthorLocal.swift","hash":"bad19e3800465a53f80a64b50a7e6265071fab15"},{"path":"\/Users\/petrose\/Projects\/books\/ios\/3\/Pragmatic Clean Architecture\/Pragmatic Clean Architecture\/Home\/Framework\/Local\/AuthorLocalGateway.swift","hash":"038f57cc8ba0f4acdb9fe2d89a5acb1600873b7e"},{"path":"\/Users\/petrose\/Projects\/books\/ios\/3\/Pragmatic Clean Architecture\/Pragmatic Clean Architecture\/Home\/Framework\/Remote\/ArticleRaw.swift","hash":"74f75b24e4a3db1c4e418f2768a2dc6cde0279b5"},{"path":"\/Users\/petrose\/Projects\/books\/ios\/3\/Pragmatic Clean Architecture\/Pragmatic Clean Architecture\/Home\/Framework\/Remote\/ArticleRemoteDataGateway.swift","hash":"81d32e55254442f35ab2ee48eeb980ae30ead6a4"},{"path":"\/Users\/petrose\/Projects\/books\/ios\/3\/Pragmatic Clean Architecture\/Pragmatic Clean Architecture\/Home\/Framework\/Remote\/ArticlesService.swift","hash":"d11b0949a4e3c2f9905aaa05b1d59f6297bd447f"},{"path":"\/Users\/petrose\/Projects\/books\/ios\/3\/Pragmatic Clean Architecture\/Pragmatic Clean Architecture\/Home\/Framework\/Remote\/ArticlesServiceImpl.swift","hash":"356f7f6b1da94121beae2f3fa6aac032c3f8436c"},{"path":"\/Users\/petrose\/Projects\/books\/ios\/3\/Pragmatic Clean Architecture\/Pragmatic Clean Architecture\/Home\/Framework\/Views\/ArticlesListView.swift","hash":"02c77d02aaba29f98f52ab4fff696a3a6813a5f8"},{"path":"\/Users\/petrose\/Projects\/books\/ios\/3\/Pragmatic Clean Architecture\/Pragmatic Clean Architecture\/Home\/Framework\/Views\/EmptyState.swift","hash":"1d0aff631580d8b6b2abba4d9b827470c7202803"},{"path":"\/Users\/petrose\/Projects\/books\/ios\/3\/Pragmatic Clean Architecture\/Pragmatic Clean Architecture\/Home\/Framework\/Views\/ErrorState.swift","hash":"882475076bf7238ddc153cf80fc1224c6c845d7f"},{"path":"\/Users\/petrose\/Projects\/books\/ios\/3\/Pragmatic Clean Architecture\/Pragmatic Clean Architecture\/Home\/Framework\/Views\/HomeView.swift","hash":"9608378364da4807e02147f5164fbacf084b5d49"},{"path":"\/Users\/petrose\/Projects\/books\/ios\/3\/Pragmatic Clean Architecture\/Pragmatic Clean Architecture\/Home\/Framework\/Views\/LoadingState.swift","hash":"3cfc3cad69883bd1d2286cde0baa055da3f2ee8a"},{"path":"\/Users\/petrose\/Projects\/books\/ios\/3\/Pragmatic Clean Architecture\/Pragmatic Clean Architecture\/Pragmatic_Clean_ArchitectureApp.swift","hash":"909585a0f90d207738ce7abe68906dbe2d66f07e"}],"configHash":"14879d6df2db2c2d086adeb58f3332dd4d28acdb","dependencyPathsHash":"14e4fb08f5b1fec32cd4633e5451685c90666ba5","targetPathsHash":"dff81325da4d2f5e087d930aadc4051ea66ffe03","mockedTypesHash":"19adb00452692e3d6de770ae86f3a5a2c9c37946","outputHash":"9dad0ebd64e7bd718505dff1f5b8318f0de4e55c","dependencies":[],"sourceRoot":"\/Users\/petrose\/Projects\/books\/ios\/3\/Pragmatic Clean Architecture","supportingFilePaths":[{"path":"\/Users\/petrose\/Projects\/books\/ios\/3\/Pragmatic Clean Architecture\/MockingbirdSupport\/AppKit\/NSResponder.swift","hash":"21296949c6d570892c8665a450e62c234c938790"},{"path":"\/Users\/petrose\/Projects\/books\/ios\/3\/Pragmatic Clean Architecture\/MockingbirdSupport\/AppKit\/NSView.swift","hash":"85b3183be144012a7e105e292426c3d9f8966072"},{"path":"\/Users\/petrose\/Projects\/books\/ios\/3\/Pragmatic Clean Architecture\/MockingbirdSupport\/AppKit\/NSViewController.swift","hash":"d8785e8a119f2723c8840534df0ad8ac61409797"},{"path":"\/Users\/petrose\/Projects\/books\/ios\/3\/Pragmatic Clean Architecture\/MockingbirdSupport\/Foundation\/ObjectiveC\/NSObject.swift","hash":"cf466772b8c2d80d31f34b93b501b398fbb8854d"},{"path":"\/Users\/petrose\/Projects\/books\/ios\/3\/Pragmatic Clean Architecture\/MockingbirdSupport\/Foundation\/ObjectiveC\/NSObject.swift","hash":"cf466772b8c2d80d31f34b93b501b398fbb8854d"},{"path":"\/Users\/petrose\/Projects\/books\/ios\/3\/Pragmatic Clean Architecture\/MockingbirdSupport\/Swift\/Codable.swift","hash":"57675d8b36a2db7b093b3542bd3225a88992c3bc"},{"path":"\/Users\/petrose\/Projects\/books\/ios\/3\/Pragmatic Clean Architecture\/MockingbirdSupport\/Swift\/Comparable.swift","hash":"d0d110744eeaf2f8fdd2f8a41df3452f35286bb7"},{"path":"\/Users\/petrose\/Projects\/books\/ios\/3\/Pragmatic Clean Architecture\/MockingbirdSupport\/Swift\/Equatable.swift","hash":"2e7674f4e23a5ab7aef45b91b63c0ed5934c3b83"},{"path":"\/Users\/petrose\/Projects\/books\/ios\/3\/Pragmatic Clean Architecture\/MockingbirdSupport\/Swift\/Hashable.swift","hash":"f59ec249aa03e312f2bda7c3b397c0dccd880a21"},{"path":"\/Users\/petrose\/Projects\/books\/ios\/3\/Pragmatic Clean Architecture\/MockingbirdSupport\/Swift\/Misc.swift","hash":"c139249ec5799f1ec64c3d9e7d8c1f286b894035"},{"path":"\/Users\/petrose\/Projects\/books\/ios\/3\/Pragmatic Clean Architecture\/MockingbirdSupport\/UIKit\/UIControl.swift","hash":"9363a4c38002598dbbc1198f16fe7198b8151d24"},{"path":"\/Users\/petrose\/Projects\/books\/ios\/3\/Pragmatic Clean Architecture\/MockingbirdSupport\/UIKit\/UILabel.swift","hash":"e26a734695bfe008598ed0d8c936683db78f40ac"},{"path":"\/Users\/petrose\/Projects\/books\/ios\/3\/Pragmatic Clean Architecture\/MockingbirdSupport\/UIKit\/UIView.swift","hash":"10e6b03a9c5a76f720c17fcb82af82ff66994926"},{"path":"\/Users\/petrose\/Projects\/books\/ios\/3\/Pragmatic Clean Architecture\/MockingbirdSupport\/UIKit\/UIViewController.swift","hash":"bbd8980a22029f339b0e8746124fd06d94730570"}],"name":"Pragmatic Clean Architecture","projectHash":"27de8649c7757663d65cfef92afd7a331fc6f075"}