{"projectHash":"27de8649c7757663d65cfef92afd7a331fc6f075","productModuleName":"Pragmatic_Clean_ArchitectureTests","mockedTypeNames":["\/Users\/petrose\/Projects\/books\/ios\/3\/Pragmatic Clean Architecture\/Pragmatic Clean ArchitectureTests\/Home\/Utils\/MockResolver.swift",["ArticlesService"],"\/Users\/petrose\/Projects\/books\/ios\/3\/Pragmatic Clean Architecture\/Pragmatic Clean ArchitectureTests\/Home\/ArticleEntityShould.swift",[],"\/Users\/petrose\/Projects\/books\/ios\/3\/Pragmatic Clean Architecture\/Pragmatic Clean ArchitectureTests\/Home\/GetArticlesSourceRemoteShould.swift",[],"\/Users\/petrose\/Projects\/books\/ios\/3\/Pragmatic Clean Architecture\/Pragmatic Clean ArchitectureUITests\/Home\/ArticlesFeature.swift",[],"\/Users\/petrose\/Projects\/books\/ios\/3\/Pragmatic Clean Architecture\/Pragmatic Clean ArchitectureTests\/Home\/HomeStateMapperShould.swift",[],"\/Users\/petrose\/Projects\/books\/ios\/3\/Pragmatic Clean Architecture\/Pragmatic Clean ArchitectureTests\/Home\/ArticleRawShould.swift",[],"\/Users\/petrose\/Projects\/books\/ios\/3\/Pragmatic Clean Architecture\/Pragmatic Clean ArchitectureTests\/Home\/GetArticlesUseCaseShould.swift",[],"\/Users\/petrose\/Projects\/books\/ios\/3\/Pragmatic Clean Architecture\/Pragmatic Clean ArchitectureTests\/Home\/ArticlesRemoteDataGatewayShould.swift",[],"\/Users\/petrose\/Projects\/books\/ios\/3\/Pragmatic Clean Architecture\/Pragmatic Clean ArchitectureTests\/Home\/HomeViewModelShould.swift",[],"\/Users\/petrose\/Projects\/books\/ios\/3\/Pragmatic Clean Architecture\/Pragmatic Clean ArchitectureTests\/Home\/LikeArticleUseCaseShould.swift",[],"\/Users\/petrose\/Projects\/books\/ios\/3\/Pragmatic Clean Architecture\/Pragmatic Clean ArchitectureTests\/Home\/Utils\/Fakes.swift",[]],"cliVersion":"0.20.0","sourceFilePaths":[{"path":"\/Users\/petrose\/Projects\/books\/ios\/3\/Pragmatic Clean Architecture\/MockingbirdMocks\/Pragmatic_Clean_ArchitectureTests-Pragmatic_Clean_ArchitectureMocks.generated.swift","hash":"9dad0ebd64e7bd718505dff1f5b8318f0de4e55c"},{"path":"\/Users\/petrose\/Projects\/books\/ios\/3\/Pragmatic Clean Architecture\/Pragmatic Clean ArchitectureTests\/Home\/ArticleEntityShould.swift","hash":"de5a7b600951e6b5c118350051819bf36b6b0e0d"},{"path":"\/Users\/petrose\/Projects\/books\/ios\/3\/Pragmatic Clean Architecture\/Pragmatic Clean ArchitectureTests\/Home\/ArticleRawShould.swift","hash":"c92dcdb816cae6181b1450370e14d2da0f73799d"},{"path":"\/Users\/petrose\/Projects\/books\/ios\/3\/Pragmatic Clean Architecture\/Pragmatic Clean ArchitectureTests\/Home\/ArticlesRemoteDataGatewayShould.swift","hash":"248a2c97d2efbc97fe5bd82818161aa37b019137"},{"path":"\/Users\/petrose\/Projects\/books\/ios\/3\/Pragmatic Clean Architecture\/Pragmatic Clean ArchitectureTests\/Home\/GetArticlesSourceRemoteShould.swift","hash":"70a8d92c015fbb228fd15c4d3790dd25749bb775"},{"path":"\/Users\/petrose\/Projects\/books\/ios\/3\/Pragmatic Clean Architecture\/Pragmatic Clean ArchitectureTests\/Home\/GetArticlesUseCaseShould.swift","hash":"162478e10df376bf39b9ec2f002e75a70d254e62"},{"path":"\/Users\/petrose\/Projects\/books\/ios\/3\/Pragmatic Clean Architecture\/Pragmatic Clean ArchitectureTests\/Home\/HomeStateMapperShould.swift","hash":"080b94d36f4dfdb89a3c63d06491f30e498733f5"},{"path":"\/Users\/petrose\/Projects\/books\/ios\/3\/Pragmatic Clean Architecture\/Pragmatic Clean ArchitectureTests\/Home\/HomeViewModelShould.swift","hash":"49cbf919b7988da62f50baff087949b22eaa01d3"},{"path":"\/Users\/petrose\/Projects\/books\/ios\/3\/Pragmatic Clean Architecture\/Pragmatic Clean ArchitectureTests\/Home\/LikeArticleUseCaseShould.swift","hash":"0841143f452683b9284e73e60c42da99e82b1d5d"},{"path":"\/Users\/petrose\/Projects\/books\/ios\/3\/Pragmatic Clean Architecture\/Pragmatic Clean ArchitectureTests\/Home\/Utils\/Fakes.swift","hash":"3680e341b8691bd8c982280cc7910b994cd7f04d"},{"path":"\/Users\/petrose\/Projects\/books\/ios\/3\/Pragmatic Clean Architecture\/Pragmatic Clean ArchitectureTests\/Home\/Utils\/MockResolver.swift","hash":"c1a344e975ef76f3140f8f2f6c45d1f9ad86325f"},{"path":"\/Users\/petrose\/Projects\/books\/ios\/3\/Pragmatic Clean Architecture\/Pragmatic Clean ArchitectureUITests\/Home\/ArticlesFeature.swift","hash":"f45a37fbbc3e505a26cba0057971503cea46440d"}],"sourceRoot":"\/Users\/petrose\/Projects\/books\/ios\/3\/Pragmatic Clean Architecture","dependencies":[],"name":"Pragmatic Clean ArchitectureTests"}